{
  "name": "quini6",
  "version": "1.1.0",
  "lockfileVersion": 3,
  "requires": true,
  "packages": {
    "": {
      "name": "quini6",
      "version": "1.1.0",
      "license": "MIT",
      "dependencies": {
        "figlet": "^1.5.2",
        "quini6": "^1.1.0"
      },
      "bin": {
        "quini6": "bin/global.js"
      }
    },
    "node_modules/figlet": {
      "version": "1.5.2",
      "resolved": "https://registry.npmjs.org/figlet/-/figlet-1.5.2.tgz",
      "integrity": "sha512-WOn21V8AhyE1QqVfPIVxe3tupJacq1xGkPTB4iagT6o+P2cAgEOOwIxMftr4+ZCTI6d551ij9j61DFr0nsP2uQ==",
      "engines": {
        "node": ">= 0.4.0"
      }
    },
    "node_modules/quini6": {
      "version": "1.1.0",
      "resolved": "https://registry.npmjs.org/quini6/-/quini6-1.1.0.tgz",
      "integrity": "sha512-a16vcKhWFQ7jBY2RjfLC+IRiNUVp2BdFFWdNihePf9tumUJ03galRGy+WSzFiKjsZ1AAfF9QO4ujjXz82YwS8Q==",
      "bin": {
        "quini6": "bin/global.js"
      }
    }
  }
}
